<?xml version="1.0" encoding="UTF-8"?>
<!DOCTYPE plist PUBLIC "-//Apple//DTD PLIST 1.0//EN" "http://www.apple.com/DTDs/PropertyList-1.0.dtd">
<plist version="1.0">
<dict>
	<key>archiveVersion</key>
	<string>1</string>
	<key>classes</key>
	<dict/>
	<key>objectVersion</key>
	<string>46</string>
	<key>objects</key>
	<dict>
		<key>38541138C8A740DB9B8DC34B</key>
		<dict>
			<key>buildActionMask</key>
			<string>2147483647</string>
			<key>files</key>
			<array/>
			<key>inputPaths</key>
			<array/>
			<key>isa</key>
			<string>PBXShellScriptBuildPhase</string>
			<key>name</key>
			<string>Check Pods Manifest.lock</string>
			<key>outputPaths</key>
			<array/>
			<key>runOnlyForDeploymentPostprocessing</key>
			<string>0</string>
			<key>shellPath</key>
			<string>/bin/sh</string>
			<key>shellScript</key>
			<string>diff "${PODS_ROOT}/../Podfile.lock" "${PODS_ROOT}/Manifest.lock" &gt; /dev/null
if [[ $? != 0 ]] ; then
    cat &lt;&lt; EOM
error: The sandbox is not in sync with the Podfile.lock. Run 'pod install' or update your CocoaPods installation.
EOM
    exit 1
fi
</string>
			<key>showEnvVarsInLog</key>
			<string>0</string>
		</dict>
		<key>65783077EE2A486A85807AA2</key>
		<dict>
			<key>includeInIndex</key>
			<string>1</string>
			<key>isa</key>
			<string>PBXFileReference</string>
			<key>lastKnownFileType</key>
			<string>text.xcconfig</string>
			<key>name</key>
			<string>Pods.xcconfig</string>
			<key>path</key>
			<string>Pods/Pods.xcconfig</string>
			<key>sourceTree</key>
			<string>&lt;group&gt;</string>
		</dict>
		<key>86D9E34A185D35B000B31210</key>
		<dict>
			<key>children</key>
			<array>
				<string>86D9E35C185D35B000B31210</string>
				<string>86D9E354185D35B000B31210</string>
				<string>86D9E355185D35B000B31210</string>
				<string>65783077EE2A486A85807AA2</string>
			</array>
			<key>isa</key>
			<string>PBXGroup</string>
			<key>sourceTree</key>
			<string>&lt;group&gt;</string>
		</dict>
		<key>86D9E34B185D35B000B31210</key>
		<dict>
			<key>attributes</key>
			<dict>
				<key>LastUpgradeCheck</key>
				<string>0460</string>
				<key>ORGANIZATIONNAME</key>
				<string>Paul Sholtz</string>
			</dict>
			<key>buildConfigurationList</key>
			<string>86D9E34E185D35B000B31210</string>
			<key>compatibilityVersion</key>
			<string>Xcode 3.2</string>
			<key>developmentRegion</key>
			<string>English</string>
			<key>hasScannedForEncodings</key>
			<string>0</string>
			<key>isa</key>
			<string>PBXProject</string>
			<key>knownRegions</key>
			<array>
				<string>en</string>
			</array>
			<key>mainGroup</key>
			<string>86D9E34A185D35B000B31210</string>
			<key>productRefGroup</key>
			<string>86D9E354185D35B000B31210</string>
			<key>projectDirPath</key>
			<string></string>
			<key>projectReferences</key>
			<array/>
			<key>projectRoot</key>
			<string></string>
			<key>targets</key>
			<array>
				<string>86D9E352185D35B000B31210</string>
			</array>
		</dict>
		<key>86D9E34E185D35B000B31210</key>
		<dict>
			<key>buildConfigurations</key>
			<array>
				<string>86D9E374185D35B000B31210</string>
				<string>86D9E375185D35B000B31210</string>
			</array>
			<key>defaultConfigurationIsVisible</key>
			<string>0</string>
			<key>defaultConfigurationName</key>
			<string>Release</string>
			<key>isa</key>
			<string>XCConfigurationList</string>
		</dict>
		<key>86D9E34F185D35B000B31210</key>
		<dict>
			<key>buildActionMask</key>
			<string>2147483647</string>
			<key>files</key>
			<array>
				<string>86D9E363185D35B000B31210</string>
				<string>86D9E367185D35B000B31210</string>
				<string>86D9E373185D35B000B31210</string>
				<string>86D9E3A9185D3BD100B31210</string>
				<string>86D9E3AA185D3BD100B31210</string>
				<string>86D9E3AD185D3C0C00B31210</string>
				<string>86D9E3B1185D3C8C00B31210</string>
				<string>86D9E3BA185D412C00B31210</string>
				<string>86D9E3BD185D4B2900B31210</string>
				<string>86D9E3C0185D4B7100B31210</string>
				<string>86D9E3C3185D4BAD00B31210</string>
				<string>86D9E40E186234C300B31210</string>
			</array>
			<key>isa</key>
			<string>PBXSourcesBuildPhase</string>
			<key>runOnlyForDeploymentPostprocessing</key>
			<string>0</string>
		</dict>
		<key>86D9E350185D35B000B31210</key>
		<dict>
			<key>buildActionMask</key>
			<string>2147483647</string>
			<key>files</key>
			<array>
				<string>86D9E357185D35B000B31210</string>
				<string>86D9E359185D35B000B31210</string>
				<string>86D9E35B185D35B000B31210</string>
				<string>BD13589B66EB4AA7B3F381BC</string>
			</array>
			<key>isa</key>
			<string>PBXFrameworksBuildPhase</string>
			<key>runOnlyForDeploymentPostprocessing</key>
			<string>0</string>
		</dict>
		<key>86D9E351185D35B000B31210</key>
		<dict>
			<key>buildActionMask</key>
			<string>2147483647</string>
			<key>files</key>
			<array>
				<string>86D9E361185D35B000B31210</string>
				<string>86D9E369185D35B000B31210</string>
				<string>86D9E36B185D35B000B31210</string>
				<string>86D9E36D185D35B000B31210</string>
				<string>86D9E370185D35B000B31210</string>
				<string>86D9E391185D36E700B31210</string>
				<string>86D9E392185D36E700B31210</string>
				<string>86D9E393185D36E700B31210</string>
				<string>86D9E394185D36E700B31210</string>
				<string>86D9E395185D36E700B31210</string>
				<string>86D9E396185D36E700B31210</string>
				<string>86D9E397185D36E700B31210</string>
				<string>86D9E398185D36E700B31210</string>
				<string>86D9E399185D36E700B31210</string>
				<string>86D9E39A185D36E700B31210</string>
				<string>86D9E39B185D36E700B31210</string>
				<string>86D9E39C185D36E700B31210</string>
				<string>86D9E39D185D36E700B31210</string>
				<string>86D9E39E185D36E700B31210</string>
				<string>86D9E39F185D36E700B31210</string>
				<string>86D9E3A0185D36E700B31210</string>
				<string>86D9E3A1185D36E700B31210</string>
				<string>86D9E3A2185D36E700B31210</string>
				<string>86D9E3A3185D36E700B31210</string>
			</array>
			<key>isa</key>
			<string>PBXResourcesBuildPhase</string>
			<key>runOnlyForDeploymentPostprocessing</key>
			<string>0</string>
		</dict>
		<key>86D9E352185D35B000B31210</key>
		<dict>
			<key>buildConfigurationList</key>
			<string>86D9E376185D35B000B31210</string>
			<key>buildPhases</key>
			<array>
				<string>38541138C8A740DB9B8DC34B</string>
				<string>86D9E34F185D35B000B31210</string>
				<string>86D9E350185D35B000B31210</string>
				<string>86D9E351185D35B000B31210</string>
				<string>B6AEB32C2A6E4A7C92AD9579</string>
			</array>
			<key>buildRules</key>
			<array/>
			<key>dependencies</key>
			<array/>
			<key>isa</key>
			<string>PBXNativeTarget</string>
			<key>name</key>
			<string>OpenCVTutorial</string>
			<key>productName</key>
			<string>OpenCVTutorial</string>
			<key>productReference</key>
			<string>86D9E353185D35B000B31210</string>
			<key>productType</key>
			<string>com.apple.product-type.application</string>
		</dict>
		<key>86D9E353185D35B000B31210</key>
		<dict>
			<key>explicitFileType</key>
			<string>wrapper.application</string>
			<key>includeInIndex</key>
			<string>0</string>
			<key>isa</key>
			<string>PBXFileReference</string>
			<key>path</key>
			<string>OpenCVTutorial.app</string>
			<key>sourceTree</key>
			<string>BUILT_PRODUCTS_DIR</string>
		</dict>
		<key>86D9E354185D35B000B31210</key>
		<dict>
			<key>children</key>
			<array>
				<string>86D9E353185D35B000B31210</string>
			</array>
			<key>isa</key>
			<string>PBXGroup</string>
			<key>name</key>
			<string>Products</string>
			<key>sourceTree</key>
			<string>&lt;group&gt;</string>
		</dict>
		<key>86D9E355185D35B000B31210</key>
		<dict>
			<key>children</key>
			<array>
				<string>86D9E356185D35B000B31210</string>
				<string>86D9E358185D35B000B31210</string>
				<string>86D9E35A185D35B000B31210</string>
				<string>A3A8E29F7D59472BBA92BC4F</string>
			</array>
			<key>isa</key>
			<string>PBXGroup</string>
			<key>name</key>
			<string>Frameworks</string>
			<key>sourceTree</key>
			<string>&lt;group&gt;</string>
		</dict>
		<key>86D9E356185D35B000B31210</key>
		<dict>
			<key>isa</key>
			<string>PBXFileReference</string>
			<key>lastKnownFileType</key>
			<string>wrapper.framework</string>
			<key>name</key>
			<string>UIKit.framework</string>
			<key>path</key>
			<string>System/Library/Frameworks/UIKit.framework</string>
			<key>sourceTree</key>
			<string>SDKROOT</string>
		</dict>
		<key>86D9E357185D35B000B31210</key>
		<dict>
			<key>fileRef</key>
			<string>86D9E356185D35B000B31210</string>
			<key>isa</key>
			<string>PBXBuildFile</string>
		</dict>
		<key>86D9E358185D35B000B31210</key>
		<dict>
			<key>isa</key>
			<string>PBXFileReference</string>
			<key>lastKnownFileType</key>
			<string>wrapper.framework</string>
			<key>name</key>
			<string>Foundation.framework</string>
			<key>path</key>
			<string>System/Library/Frameworks/Foundation.framework</string>
			<key>sourceTree</key>
			<string>SDKROOT</string>
		</dict>
		<key>86D9E359185D35B000B31210</key>
		<dict>
			<key>fileRef</key>
			<string>86D9E358185D35B000B31210</string>
			<key>isa</key>
			<string>PBXBuildFile</string>
		</dict>
		<key>86D9E35A185D35B000B31210</key>
		<dict>
			<key>isa</key>
			<string>PBXFileReference</string>
			<key>lastKnownFileType</key>
			<string>wrapper.framework</string>
			<key>name</key>
			<string>CoreGraphics.framework</string>
			<key>path</key>
			<string>System/Library/Frameworks/CoreGraphics.framework</string>
			<key>sourceTree</key>
			<string>SDKROOT</string>
		</dict>
		<key>86D9E35B185D35B000B31210</key>
		<dict>
			<key>fileRef</key>
			<string>86D9E35A185D35B000B31210</string>
			<key>isa</key>
			<string>PBXBuildFile</string>
		</dict>
		<key>86D9E35C185D35B000B31210</key>
		<dict>
			<key>children</key>
			<array>
				<string>86D9E379185D36D600B31210</string>
				<string>86D9E3A4185D3BC300B31210</string>
				<string>86D9E3AE185D3C7200B31210</string>
				<string>86D9E3B4185D408A00B31210</string>
				<string>86D9E3B5185D409000B31210</string>
				<string>86D9E3B6185D409600B31210</string>
				<string>86D9E365185D35B000B31210</string>
				<string>86D9E366185D35B000B31210</string>
				<string>86D9E36E185D35B000B31210</string>
				<string>86D9E371185D35B000B31210</string>
				<string>86D9E372185D35B000B31210</string>
				<string>86D9E3C1185D4BAB00B31210</string>
				<string>86D9E3C2185D4BAC00B31210</string>
				<string>86D9E35D185D35B000B31210</string>
			</array>
			<key>isa</key>
			<string>PBXGroup</string>
			<key>path</key>
			<string>OpenCVTutorial</string>
			<key>sourceTree</key>
			<string>&lt;group&gt;</string>
		</dict>
		<key>86D9E35D185D35B000B31210</key>
		<dict>
			<key>children</key>
			<array>
				<string>86D9E35E185D35B000B31210</string>
				<string>86D9E35F185D35B000B31210</string>
				<string>86D9E362185D35B000B31210</string>
				<string>86D9E364185D35B000B31210</string>
				<string>86D9E368185D35B000B31210</string>
				<string>86D9E36A185D35B000B31210</string>
				<string>86D9E36C185D35B000B31210</string>
			</array>
			<key>isa</key>
			<string>PBXGroup</string>
			<key>name</key>
			<string>Supporting Files</string>
			<key>sourceTree</key>
			<string>&lt;group&gt;</string>
		</dict>
		<key>86D9E35E185D35B000B31210</key>
		<dict>
			<key>isa</key>
			<string>PBXFileReference</string>
			<key>lastKnownFileType</key>
			<string>text.plist.xml</string>
			<key>path</key>
			<string>OpenCVTutorial-Info.plist</string>
			<key>sourceTree</key>
			<string>&lt;group&gt;</string>
		</dict>
		<key>86D9E35F185D35B000B31210</key>
		<dict>
			<key>children</key>
			<array>
				<string>86D9E360185D35B000B31210</string>
			</array>
			<key>isa</key>
			<string>PBXVariantGroup</string>
			<key>name</key>
			<string>InfoPlist.strings</string>
			<key>sourceTree</key>
			<string>&lt;group&gt;</string>
		</dict>
		<key>86D9E360185D35B000B31210</key>
		<dict>
			<key>isa</key>
			<string>PBXFileReference</string>
			<key>lastKnownFileType</key>
			<string>text.plist.strings</string>
			<key>name</key>
			<string>en</string>
			<key>path</key>
			<string>en.lproj/InfoPlist.strings</string>
			<key>sourceTree</key>
			<string>&lt;group&gt;</string>
		</dict>
		<key>86D9E361185D35B000B31210</key>
		<dict>
			<key>fileRef</key>
			<string>86D9E35F185D35B000B31210</string>
			<key>isa</key>
			<string>PBXBuildFile</string>
		</dict>
		<key>86D9E362185D35B000B31210</key>
		<dict>
			<key>isa</key>
			<string>PBXFileReference</string>
			<key>lastKnownFileType</key>
			<string>sourcecode.c.objc</string>
			<key>path</key>
			<string>main.m</string>
			<key>sourceTree</key>
			<string>&lt;group&gt;</string>
		</dict>
		<key>86D9E363185D35B000B31210</key>
		<dict>
			<key>fileRef</key>
			<string>86D9E362185D35B000B31210</string>
			<key>isa</key>
			<string>PBXBuildFile</string>
		</dict>
		<key>86D9E364185D35B000B31210</key>
		<dict>
			<key>isa</key>
			<string>PBXFileReference</string>
			<key>lastKnownFileType</key>
			<string>sourcecode.c.h</string>
			<key>path</key>
			<string>OpenCVTutorial-Prefix.pch</string>
			<key>sourceTree</key>
			<string>&lt;group&gt;</string>
		</dict>
		<key>86D9E365185D35B000B31210</key>
		<dict>
			<key>isa</key>
			<string>PBXFileReference</string>
			<key>lastKnownFileType</key>
			<string>sourcecode.c.h</string>
			<key>path</key>
			<string>AppDelegate.h</string>
			<key>sourceTree</key>
			<string>&lt;group&gt;</string>
		</dict>
		<key>86D9E366185D35B000B31210</key>
		<dict>
			<key>isa</key>
			<string>PBXFileReference</string>
			<key>lastKnownFileType</key>
			<string>sourcecode.c.objc</string>
			<key>path</key>
			<string>AppDelegate.m</string>
			<key>sourceTree</key>
			<string>&lt;group&gt;</string>
		</dict>
		<key>86D9E367185D35B000B31210</key>
		<dict>
			<key>fileRef</key>
			<string>86D9E366185D35B000B31210</string>
			<key>isa</key>
			<string>PBXBuildFile</string>
		</dict>
		<key>86D9E368185D35B000B31210</key>
		<dict>
			<key>isa</key>
			<string>PBXFileReference</string>
			<key>lastKnownFileType</key>
			<string>image.png</string>
			<key>path</key>
			<string>Default.png</string>
			<key>sourceTree</key>
			<string>&lt;group&gt;</string>
		</dict>
		<key>86D9E369185D35B000B31210</key>
		<dict>
			<key>fileRef</key>
			<string>86D9E368185D35B000B31210</string>
			<key>isa</key>
			<string>PBXBuildFile</string>
		</dict>
		<key>86D9E36A185D35B000B31210</key>
		<dict>
			<key>isa</key>
			<string>PBXFileReference</string>
			<key>lastKnownFileType</key>
			<string>image.png</string>
			<key>path</key>
			<string>Default@2x.png</string>
			<key>sourceTree</key>
			<string>&lt;group&gt;</string>
		</dict>
		<key>86D9E36B185D35B000B31210</key>
		<dict>
			<key>fileRef</key>
			<string>86D9E36A185D35B000B31210</string>
			<key>isa</key>
			<string>PBXBuildFile</string>
		</dict>
		<key>86D9E36C185D35B000B31210</key>
		<dict>
			<key>isa</key>
			<string>PBXFileReference</string>
			<key>lastKnownFileType</key>
			<string>image.png</string>
			<key>path</key>
			<string>Default-568h@2x.png</string>
			<key>sourceTree</key>
			<string>&lt;group&gt;</string>
		</dict>
		<key>86D9E36D185D35B000B31210</key>
		<dict>
			<key>fileRef</key>
			<string>86D9E36C185D35B000B31210</string>
			<key>isa</key>
			<string>PBXBuildFile</string>
		</dict>
		<key>86D9E36E185D35B000B31210</key>
		<dict>
			<key>children</key>
			<array>
				<string>86D9E36F185D35B000B31210</string>
			</array>
			<key>isa</key>
			<string>PBXVariantGroup</string>
			<key>name</key>
			<string>MainStoryboard.storyboard</string>
			<key>sourceTree</key>
			<string>&lt;group&gt;</string>
		</dict>
		<key>86D9E36F185D35B000B31210</key>
		<dict>
			<key>isa</key>
			<string>PBXFileReference</string>
			<key>lastKnownFileType</key>
			<string>file.storyboard</string>
			<key>name</key>
			<string>en</string>
			<key>path</key>
			<string>en.lproj/MainStoryboard.storyboard</string>
			<key>sourceTree</key>
			<string>&lt;group&gt;</string>
		</dict>
		<key>86D9E370185D35B000B31210</key>
		<dict>
			<key>fileRef</key>
			<string>86D9E36E185D35B000B31210</string>
			<key>isa</key>
			<string>PBXBuildFile</string>
		</dict>
		<key>86D9E371185D35B000B31210</key>
		<dict>
			<key>isa</key>
			<string>PBXFileReference</string>
			<key>lastKnownFileType</key>
			<string>sourcecode.c.h</string>
			<key>path</key>
			<string>ViewController.h</string>
			<key>sourceTree</key>
			<string>&lt;group&gt;</string>
		</dict>
		<key>86D9E372185D35B000B31210</key>
		<dict>
			<key>isa</key>
			<string>PBXFileReference</string>
			<key>lastKnownFileType</key>
			<string>sourcecode.cpp.objcpp</string>
			<key>path</key>
			<string>ViewController.mm</string>
			<key>sourceTree</key>
			<string>&lt;group&gt;</string>
		</dict>
		<key>86D9E373185D35B000B31210</key>
		<dict>
			<key>fileRef</key>
			<string>86D9E372185D35B000B31210</string>
			<key>isa</key>
			<string>PBXBuildFile</string>
		</dict>
		<key>86D9E374185D35B000B31210</key>
		<dict>
			<key>buildSettings</key>
			<dict>
				<key>ALWAYS_SEARCH_USER_PATHS</key>
				<string>NO</string>
				<key>CLANG_CXX_LANGUAGE_STANDARD</key>
				<string>gnu++0x</string>
				<key>CLANG_CXX_LIBRARY</key>
				<string>libc++</string>
				<key>CLANG_ENABLE_OBJC_ARC</key>
				<string>YES</string>
				<key>CLANG_WARN_CONSTANT_CONVERSION</key>
				<string>YES</string>
				<key>CLANG_WARN_EMPTY_BODY</key>
				<string>YES</string>
				<key>CLANG_WARN_ENUM_CONVERSION</key>
				<string>YES</string>
				<key>CLANG_WARN_INT_CONVERSION</key>
				<string>YES</string>
				<key>CLANG_WARN__DUPLICATE_METHOD_MATCH</key>
				<string>YES</string>
				<key>CODE_SIGN_IDENTITY[sdk=iphoneos*]</key>
				<string>iPhone Developer</string>
				<key>COPY_PHASE_STRIP</key>
				<string>NO</string>
				<key>GCC_C_LANGUAGE_STANDARD</key>
				<string>gnu99</string>
				<key>GCC_DYNAMIC_NO_PIC</key>
				<string>NO</string>
				<key>GCC_OPTIMIZATION_LEVEL</key>
				<string>0</string>
				<key>GCC_PREPROCESSOR_DEFINITIONS</key>
				<array>
					<string>DEBUG=1</string>
					<string>$(inherited)</string>
				</array>
				<key>GCC_SYMBOLS_PRIVATE_EXTERN</key>
				<string>NO</string>
				<key>GCC_WARN_ABOUT_RETURN_TYPE</key>
				<string>YES</string>
				<key>GCC_WARN_UNINITIALIZED_AUTOS</key>
				<string>YES</string>
				<key>GCC_WARN_UNUSED_VARIABLE</key>
				<string>YES</string>
				<key>IPHONEOS_DEPLOYMENT_TARGET</key>
				<string>6.1</string>
				<key>ONLY_ACTIVE_ARCH</key>
				<string>YES</string>
				<key>SDKROOT</key>
				<string>iphoneos</string>
			</dict>
			<key>isa</key>
			<string>XCBuildConfiguration</string>
			<key>name</key>
			<string>Debug</string>
		</dict>
		<key>86D9E375185D35B000B31210</key>
		<dict>
			<key>buildSettings</key>
			<dict>
				<key>ALWAYS_SEARCH_USER_PATHS</key>
				<string>NO</string>
				<key>CLANG_CXX_LANGUAGE_STANDARD</key>
				<string>gnu++0x</string>
				<key>CLANG_CXX_LIBRARY</key>
				<string>libc++</string>
				<key>CLANG_ENABLE_OBJC_ARC</key>
				<string>YES</string>
				<key>CLANG_WARN_CONSTANT_CONVERSION</key>
				<string>YES</string>
				<key>CLANG_WARN_EMPTY_BODY</key>
				<string>YES</string>
				<key>CLANG_WARN_ENUM_CONVERSION</key>
				<string>YES</string>
				<key>CLANG_WARN_INT_CONVERSION</key>
				<string>YES</string>
				<key>CLANG_WARN__DUPLICATE_METHOD_MATCH</key>
				<string>YES</string>
				<key>CODE_SIGN_IDENTITY[sdk=iphoneos*]</key>
				<string>iPhone Developer</string>
				<key>COPY_PHASE_STRIP</key>
				<string>YES</string>
				<key>GCC_C_LANGUAGE_STANDARD</key>
				<string>gnu99</string>
				<key>GCC_WARN_ABOUT_RETURN_TYPE</key>
				<string>YES</string>
				<key>GCC_WARN_UNINITIALIZED_AUTOS</key>
				<string>YES</string>
				<key>GCC_WARN_UNUSED_VARIABLE</key>
				<string>YES</string>
				<key>IPHONEOS_DEPLOYMENT_TARGET</key>
				<string>6.1</string>
				<key>OTHER_CFLAGS</key>
				<string>-DNS_BLOCK_ASSERTIONS=1</string>
				<key>SDKROOT</key>
				<string>iphoneos</string>
				<key>VALIDATE_PRODUCT</key>
				<string>YES</string>
			</dict>
			<key>isa</key>
			<string>XCBuildConfiguration</string>
			<key>name</key>
			<string>Release</string>
		</dict>
		<key>86D9E376185D35B000B31210</key>
		<dict>
			<key>buildConfigurations</key>
			<array>
				<string>86D9E377185D35B000B31210</string>
				<string>86D9E378185D35B000B31210</string>
			</array>
			<key>defaultConfigurationIsVisible</key>
			<string>0</string>
			<key>defaultConfigurationName</key>
			<string>Release</string>
			<key>isa</key>
			<string>XCConfigurationList</string>
		</dict>
		<key>86D9E377185D35B000B31210</key>
		<dict>
			<key>baseConfigurationReference</key>
			<string>65783077EE2A486A85807AA2</string>
			<key>buildSettings</key>
			<dict>
				<key>GCC_PRECOMPILE_PREFIX_HEADER</key>
				<string>YES</string>
				<key>GCC_PREFIX_HEADER</key>
				<string>OpenCVTutorial/OpenCVTutorial-Prefix.pch</string>
				<key>INFOPLIST_FILE</key>
				<string>OpenCVTutorial/OpenCVTutorial-Info.plist</string>
				<key>IPHONEOS_DEPLOYMENT_TARGET</key>
				<string>5.0</string>
				<key>PRODUCT_NAME</key>
				<string>$(TARGET_NAME)</string>
				<key>WRAPPER_EXTENSION</key>
				<string>app</string>
			</dict>
			<key>isa</key>
			<string>XCBuildConfiguration</string>
			<key>name</key>
			<string>Debug</string>
		</dict>
		<key>86D9E378185D35B000B31210</key>
		<dict>
			<key>baseConfigurationReference</key>
			<string>65783077EE2A486A85807AA2</string>
			<key>buildSettings</key>
			<dict>
				<key>GCC_PRECOMPILE_PREFIX_HEADER</key>
				<string>YES</string>
				<key>GCC_PREFIX_HEADER</key>
				<string>OpenCVTutorial/OpenCVTutorial-Prefix.pch</string>
				<key>INFOPLIST_FILE</key>
				<string>OpenCVTutorial/OpenCVTutorial-Info.plist</string>
				<key>IPHONEOS_DEPLOYMENT_TARGET</key>
				<string>5.0</string>
				<key>PRODUCT_NAME</key>
				<string>$(TARGET_NAME)</string>
				<key>WRAPPER_EXTENSION</key>
				<string>app</string>
			</dict>
			<key>isa</key>
			<string>XCBuildConfiguration</string>
			<key>name</key>
			<string>Release</string>
		</dict>
		<key>86D9E379185D36D600B31210</key>
		<dict>
			<key>children</key>
			<array>
				<string>86D9E37A185D36E700B31210</string>
				<string>86D9E37C185D36E700B31210</string>
				<string>86D9E381185D36E700B31210</string>
				<string>86D9E38D185D36E700B31210</string>
			</array>
			<key>isa</key>
			<string>PBXGroup</string>
			<key>name</key>
			<string>Multimedia</string>
			<key>sourceTree</key>
			<string>&lt;group&gt;</string>
		</dict>
		<key>86D9E37A185D36E700B31210</key>
		<dict>
			<key>children</key>
			<array>
				<string>86D9E37B185D36E700B31210</string>
			</array>
			<key>isa</key>
			<string>PBXGroup</string>
			<key>name</key>
			<string>Fonts</string>
			<key>path</key>
			<string>Multimedia/Fonts</string>
			<key>sourceTree</key>
			<string>&lt;group&gt;</string>
		</dict>
		<key>86D9E37B185D36E700B31210</key>
		<dict>
			<key>isa</key>
			<string>PBXFileReference</string>
			<key>lastKnownFileType</key>
			<string>file</string>
			<key>path</key>
			<string>GROBOLD.ttf</string>
			<key>sourceTree</key>
			<string>&lt;group&gt;</string>
		</dict>
		<key>86D9E37C185D36E700B31210</key>
		<dict>
			<key>children</key>
			<array>
				<string>86D9E37D185D36E700B31210</string>
				<string>86D9E37E185D36E700B31210</string>
				<string>86D9E37F185D36E700B31210</string>
				<string>86D9E380185D36E700B31210</string>
			</array>
			<key>isa</key>
			<string>PBXGroup</string>
			<key>name</key>
			<string>Icons</string>
			<key>path</key>
			<string>Multimedia/Icons</string>
			<key>sourceTree</key>
			<string>&lt;group&gt;</string>
		</dict>
		<key>86D9E37D185D36E700B31210</key>
		<dict>
			<key>isa</key>
			<string>PBXFileReference</string>
			<key>lastKnownFileType</key>
			<string>image.png</string>
			<key>path</key>
			<string>Icon.png</string>
			<key>sourceTree</key>
			<string>&lt;group&gt;</string>
		</dict>
		<key>86D9E37E185D36E700B31210</key>
		<dict>
			<key>isa</key>
			<string>PBXFileReference</string>
			<key>lastKnownFileType</key>
			<string>image.png</string>
			<key>path</key>
			<string>Icon72.png</string>
			<key>sourceTree</key>
			<string>&lt;group&gt;</string>
		</dict>
		<key>86D9E37F185D36E700B31210</key>
		<dict>
			<key>isa</key>
			<string>PBXFileReference</string>
			<key>lastKnownFileType</key>
			<string>image.png</string>
			<key>path</key>
			<string>Icon72@2x.png</string>
			<key>sourceTree</key>
			<string>&lt;group&gt;</string>
		</dict>
		<key>86D9E380185D36E700B31210</key>
		<dict>
			<key>isa</key>
			<string>PBXFileReference</string>
			<key>lastKnownFileType</key>
			<string>image.png</string>
			<key>path</key>
			<string>Icon@2x.png</string>
			<key>sourceTree</key>
			<string>&lt;group&gt;</string>
		</dict>
		<key>86D9E381185D36E700B31210</key>
		<dict>
			<key>children</key>
			<array>
				<string>86D9E382185D36E700B31210</string>
				<string>86D9E383185D36E700B31210</string>
				<string>86D9E384185D36E700B31210</string>
				<string>86D9E385185D36E700B31210</string>
				<string>86D9E386185D36E700B31210</string>
				<string>86D9E387185D36E700B31210</string>
				<string>86D9E388185D36E700B31210</string>
				<string>86D9E389185D36E700B31210</string>
				<string>86D9E38A185D36E700B31210</string>
				<string>86D9E38B185D36E700B31210</string>
				<string>86D9E38C185D36E700B31210</string>
			</array>
			<key>isa</key>
			<string>PBXGroup</string>
			<key>name</key>
			<string>Images</string>
			<key>path</key>
			<string>Multimedia/Images</string>
			<key>sourceTree</key>
			<string>&lt;group&gt;</string>
		</dict>
		<key>86D9E382185D36E700B31210</key>
		<dict>
			<key>isa</key>
			<string>PBXFileReference</string>
			<key>lastKnownFileType</key>
			<string>image.png</string>
			<key>path</key>
			<string>close.png</string>
			<key>sourceTree</key>
			<string>&lt;group&gt;</string>
		</dict>
		<key>86D9E383185D36E700B31210</key>
		<dict>
			<key>isa</key>
			<string>PBXFileReference</string>
			<key>lastKnownFileType</key>
			<string>image.png</string>
			<key>path</key>
			<string>close@2x.png</string>
			<key>sourceTree</key>
			<string>&lt;group&gt;</string>
		</dict>
		<key>86D9E384185D36E700B31210</key>
		<dict>
			<key>isa</key>
			<string>PBXFileReference</string>
			<key>lastKnownFileType</key>
			<string>image.png</string>
			<key>path</key>
			<string>crosshairs.png</string>
			<key>sourceTree</key>
			<string>&lt;group&gt;</string>
		</dict>
		<key>86D9E385185D36E700B31210</key>
		<dict>
			<key>isa</key>
			<string>PBXFileReference</string>
			<key>lastKnownFileType</key>
			<string>image.png</string>
			<key>path</key>
			<string>crosshairs@2x.png</string>
			<key>sourceTree</key>
			<string>&lt;group&gt;</string>
		</dict>
		<key>86D9E386185D36E700B31210</key>
		<dict>
			<key>isa</key>
			<string>PBXFileReference</string>
			<key>lastKnownFileType</key>
			<string>image.png</string>
			<key>path</key>
			<string>explosion.png</string>
			<key>sourceTree</key>
			<string>&lt;group&gt;</string>
		</dict>
		<key>86D9E387185D36E700B31210</key>
		<dict>
			<key>isa</key>
			<string>PBXFileReference</string>
			<key>lastKnownFileType</key>
			<string>image.png</string>
			<key>path</key>
			<string>gray.png</string>
			<key>sourceTree</key>
			<string>&lt;group&gt;</string>
		</dict>
		<key>86D9E388185D36E700B31210</key>
		<dict>
			<key>isa</key>
			<string>PBXFileReference</string>
			<key>lastKnownFileType</key>
			<string>image.png</string>
			<key>path</key>
			<string>gray@2x.png</string>
			<key>sourceTree</key>
			<string>&lt;group&gt;</string>
		</dict>
		<key>86D9E389185D36E700B31210</key>
		<dict>
			<key>isa</key>
			<string>PBXFileReference</string>
			<key>lastKnownFileType</key>
			<string>image.png</string>
			<key>path</key>
			<string>orange.png</string>
			<key>sourceTree</key>
			<string>&lt;group&gt;</string>
		</dict>
		<key>86D9E38A185D36E700B31210</key>
		<dict>
			<key>isa</key>
			<string>PBXFileReference</string>
			<key>lastKnownFileType</key>
			<string>image.png</string>
			<key>path</key>
			<string>orange@2x.png</string>
			<key>sourceTree</key>
			<string>&lt;group&gt;</string>
		</dict>
		<key>86D9E38B185D36E700B31210</key>
		<dict>
			<key>isa</key>
			<string>PBXFileReference</string>
			<key>lastKnownFileType</key>
			<string>image.jpeg</string>
			<key>path</key>
			<string>target.jpg</string>
			<key>sourceTree</key>
			<string>&lt;group&gt;</string>
		</dict>
		<key>86D9E38C185D36E700B31210</key>
		<dict>
			<key>isa</key>
			<string>PBXFileReference</string>
			<key>lastKnownFileType</key>
			<string>image.jpeg</string>
			<key>path</key>
			<string>target@2x.jpg</string>
			<key>sourceTree</key>
			<string>&lt;group&gt;</string>
		</dict>
		<key>86D9E38D185D36E700B31210</key>
		<dict>
			<key>children</key>
			<array>
				<string>86D9E38E185D36E700B31210</string>
				<string>86D9E38F185D36E700B31210</string>
				<string>86D9E390185D36E700B31210</string>
			</array>
			<key>isa</key>
			<string>PBXGroup</string>
			<key>name</key>
			<string>Sounds</string>
			<key>path</key>
			<string>Multimedia/Sounds</string>
			<key>sourceTree</key>
			<string>&lt;group&gt;</string>
		</dict>
		<key>86D9E38E185D36E700B31210</key>
		<dict>
			<key>isa</key>
			<string>PBXFileReference</string>
			<key>lastKnownFileType</key>
			<string>file</string>
			<key>path</key>
			<string>explosion.caf</string>
			<key>sourceTree</key>
			<string>&lt;group&gt;</string>
		</dict>
		<key>86D9E38F185D36E700B31210</key>
		<dict>
			<key>isa</key>
			<string>PBXFileReference</string>
			<key>lastKnownFileType</key>
			<string>file</string>
			<key>path</key>
			<string>laser.caf</string>
			<key>sourceTree</key>
			<string>&lt;group&gt;</string>
		</dict>
		<key>86D9E390185D36E700B31210</key>
		<dict>
			<key>isa</key>
			<string>PBXFileReference</string>
			<key>lastKnownFileType</key>
			<string>file</string>
			<key>path</key>
			<string>powerup.caf</string>
			<key>sourceTree</key>
			<string>&lt;group&gt;</string>
		</dict>
		<key>86D9E391185D36E700B31210</key>
		<dict>
			<key>fileRef</key>
			<string>86D9E37B185D36E700B31210</string>
			<key>isa</key>
			<string>PBXBuildFile</string>
		</dict>
		<key>86D9E392185D36E700B31210</key>
		<dict>
			<key>fileRef</key>
			<string>86D9E37D185D36E700B31210</string>
			<key>isa</key>
			<string>PBXBuildFile</string>
		</dict>
		<key>86D9E393185D36E700B31210</key>
		<dict>
			<key>fileRef</key>
			<string>86D9E37E185D36E700B31210</string>
			<key>isa</key>
			<string>PBXBuildFile</string>
		</dict>
		<key>86D9E394185D36E700B31210</key>
		<dict>
			<key>fileRef</key>
			<string>86D9E37F185D36E700B31210</string>
			<key>isa</key>
			<string>PBXBuildFile</string>
		</dict>
		<key>86D9E395185D36E700B31210</key>
		<dict>
			<key>fileRef</key>
			<string>86D9E380185D36E700B31210</string>
			<key>isa</key>
			<string>PBXBuildFile</string>
		</dict>
		<key>86D9E396185D36E700B31210</key>
		<dict>
			<key>fileRef</key>
			<string>86D9E382185D36E700B31210</string>
			<key>isa</key>
			<string>PBXBuildFile</string>
		</dict>
		<key>86D9E397185D36E700B31210</key>
		<dict>
			<key>fileRef</key>
			<string>86D9E383185D36E700B31210</string>
			<key>isa</key>
			<string>PBXBuildFile</string>
		</dict>
		<key>86D9E398185D36E700B31210</key>
		<dict>
			<key>fileRef</key>
			<string>86D9E384185D36E700B31210</string>
			<key>isa</key>
			<string>PBXBuildFile</string>
		</dict>
		<key>86D9E399185D36E700B31210</key>
		<dict>
			<key>fileRef</key>
			<string>86D9E385185D36E700B31210</string>
			<key>isa</key>
			<string>PBXBuildFile</string>
		</dict>
		<key>86D9E39A185D36E700B31210</key>
		<dict>
			<key>fileRef</key>
			<string>86D9E386185D36E700B31210</string>
			<key>isa</key>
			<string>PBXBuildFile</string>
		</dict>
		<key>86D9E39B185D36E700B31210</key>
		<dict>
			<key>fileRef</key>
			<string>86D9E387185D36E700B31210</string>
			<key>isa</key>
			<string>PBXBuildFile</string>
		</dict>
		<key>86D9E39C185D36E700B31210</key>
		<dict>
			<key>fileRef</key>
			<string>86D9E388185D36E700B31210</string>
			<key>isa</key>
			<string>PBXBuildFile</string>
		</dict>
		<key>86D9E39D185D36E700B31210</key>
		<dict>
			<key>fileRef</key>
			<string>86D9E389185D36E700B31210</string>
			<key>isa</key>
			<string>PBXBuildFile</string>
		</dict>
		<key>86D9E39E185D36E700B31210</key>
		<dict>
			<key>fileRef</key>
			<string>86D9E38A185D36E700B31210</string>
			<key>isa</key>
			<string>PBXBuildFile</string>
		</dict>
		<key>86D9E39F185D36E700B31210</key>
		<dict>
			<key>fileRef</key>
			<string>86D9E38B185D36E700B31210</string>
			<key>isa</key>
			<string>PBXBuildFile</string>
		</dict>
		<key>86D9E3A0185D36E700B31210</key>
		<dict>
			<key>fileRef</key>
			<string>86D9E38C185D36E700B31210</string>
			<key>isa</key>
			<string>PBXBuildFile</string>
		</dict>
		<key>86D9E3A1185D36E700B31210</key>
		<dict>
			<key>fileRef</key>
			<string>86D9E38E185D36E700B31210</string>
			<key>isa</key>
			<string>PBXBuildFile</string>
		</dict>
		<key>86D9E3A2185D36E700B31210</key>
		<dict>
			<key>fileRef</key>
			<string>86D9E38F185D36E700B31210</string>
			<key>isa</key>
			<string>PBXBuildFile</string>
		</dict>
		<key>86D9E3A3185D36E700B31210</key>
		<dict>
			<key>fileRef</key>
			<string>86D9E390185D36E700B31210</string>
			<key>isa</key>
			<string>PBXBuildFile</string>
		</dict>
		<key>86D9E3A4185D3BC300B31210</key>
		<dict>
			<key>children</key>
			<array>
				<string>86D9E3A5185D3BD100B31210</string>
				<string>86D9E3A6185D3BD100B31210</string>
				<string>86D9E3A7185D3BD100B31210</string>
				<string>86D9E3A8185D3BD100B31210</string>
				<string>86D9E3AB185D3C0C00B31210</string>
				<string>86D9E3AC185D3C0C00B31210</string>
			</array>
			<key>isa</key>
			<string>PBXGroup</string>
			<key>name</key>
			<string>Animations</string>
			<key>sourceTree</key>
			<string>&lt;group&gt;</string>
		</dict>
		<key>86D9E3A5185D3BD100B31210</key>
		<dict>
			<key>fileEncoding</key>
			<string>4</string>
			<key>isa</key>
			<string>PBXFileReference</string>
			<key>lastKnownFileType</key>
			<string>sourcecode.c.h</string>
			<key>name</key>
			<string>AccelerationAnimation.h</string>
			<key>path</key>
			<string>Animations/AccelerationAnimation.h</string>
			<key>sourceTree</key>
			<string>&lt;group&gt;</string>
		</dict>
		<key>86D9E3A6185D3BD100B31210</key>
		<dict>
			<key>fileEncoding</key>
			<string>4</string>
			<key>isa</key>
			<string>PBXFileReference</string>
			<key>lastKnownFileType</key>
			<string>sourcecode.c.objc</string>
			<key>name</key>
			<string>AccelerationAnimation.m</string>
			<key>path</key>
			<string>Animations/AccelerationAnimation.m</string>
			<key>sourceTree</key>
			<string>&lt;group&gt;</string>
		</dict>
		<key>86D9E3A7185D3BD100B31210</key>
		<dict>
			<key>fileEncoding</key>
			<string>4</string>
			<key>isa</key>
			<string>PBXFileReference</string>
			<key>lastKnownFileType</key>
			<string>sourcecode.c.h</string>
			<key>name</key>
			<string>Evaluate.h</string>
			<key>path</key>
			<string>Animations/Evaluate.h</string>
			<key>sourceTree</key>
			<string>&lt;group&gt;</string>
		</dict>
		<key>86D9E3A8185D3BD100B31210</key>
		<dict>
			<key>fileEncoding</key>
			<string>4</string>
			<key>isa</key>
			<string>PBXFileReference</string>
			<key>lastKnownFileType</key>
			<string>sourcecode.c.objc</string>
			<key>name</key>
			<string>Evaluate.m</string>
			<key>path</key>
			<string>Animations/Evaluate.m</string>
			<key>sourceTree</key>
			<string>&lt;group&gt;</string>
		</dict>
		<key>86D9E3A9185D3BD100B31210</key>
		<dict>
			<key>fileRef</key>
			<string>86D9E3A6185D3BD100B31210</string>
			<key>isa</key>
			<string>PBXBuildFile</string>
		</dict>
		<key>86D9E3AA185D3BD100B31210</key>
		<dict>
			<key>fileRef</key>
			<string>86D9E3A8185D3BD100B31210</string>
			<key>isa</key>
			<string>PBXBuildFile</string>
		</dict>
		<key>86D9E3AB185D3C0C00B31210</key>
		<dict>
			<key>fileEncoding</key>
			<string>4</string>
			<key>isa</key>
			<string>PBXFileReference</string>
			<key>lastKnownFileType</key>
			<string>sourcecode.c.h</string>
			<key>name</key>
			<string>UIView+Animations.h</string>
			<key>path</key>
			<string>Animations/UIView+Animations.h</string>
			<key>sourceTree</key>
			<string>&lt;group&gt;</string>
		</dict>
		<key>86D9E3AC185D3C0C00B31210</key>
		<dict>
			<key>fileEncoding</key>
			<string>4</string>
			<key>isa</key>
			<string>PBXFileReference</string>
			<key>lastKnownFileType</key>
			<string>sourcecode.c.objc</string>
			<key>name</key>
			<string>UIView+Animations.m</string>
			<key>path</key>
			<string>Animations/UIView+Animations.m</string>
			<key>sourceTree</key>
			<string>&lt;group&gt;</string>
		</dict>
		<key>86D9E3AD185D3C0C00B31210</key>
		<dict>
			<key>fileRef</key>
			<string>86D9E3AC185D3C0C00B31210</string>
			<key>isa</key>
			<string>PBXBuildFile</string>
		</dict>
		<key>86D9E3AE185D3C7200B31210</key>
		<dict>
			<key>children</key>
			<array>
				<string>86D9E3AF185D3C8C00B31210</string>
				<string>86D9E3B0185D3C8C00B31210</string>
			</array>
			<key>isa</key>
			<string>PBXGroup</string>
			<key>name</key>
			<string>Sprites</string>
			<key>sourceTree</key>
			<string>&lt;group&gt;</string>
		</dict>
		<key>86D9E3AF185D3C8C00B31210</key>
		<dict>
			<key>fileEncoding</key>
			<string>4</string>
			<key>isa</key>
			<string>PBXFileReference</string>
			<key>lastKnownFileType</key>
			<string>sourcecode.c.h</string>
			<key>name</key>
			<string>SpriteLayer.h</string>
			<key>path</key>
			<string>Sprites/SpriteLayer.h</string>
			<key>sourceTree</key>
			<string>&lt;group&gt;</string>
		</dict>
		<key>86D9E3B0185D3C8C00B31210</key>
		<dict>
			<key>fileEncoding</key>
			<string>4</string>
			<key>isa</key>
			<string>PBXFileReference</string>
			<key>lastKnownFileType</key>
			<string>sourcecode.c.objc</string>
			<key>name</key>
			<string>SpriteLayer.m</string>
			<key>path</key>
			<string>Sprites/SpriteLayer.m</string>
			<key>sourceTree</key>
			<string>&lt;group&gt;</string>
		</dict>
		<key>86D9E3B1185D3C8C00B31210</key>
		<dict>
			<key>fileRef</key>
			<string>86D9E3B0185D3C8C00B31210</string>
			<key>isa</key>
			<string>PBXBuildFile</string>
		</dict>
		<key>86D9E3B4185D408A00B31210</key>
		<dict>
			<key>children</key>
			<array>
				<string>86D9E3B8185D412C00B31210</string>
				<string>86D9E3B9185D412C00B31210</string>
				<string>86D9E3B7185D40C000B31210</string>
				<string>86D9E4081861BBD700B31210</string>
			</array>
			<key>isa</key>
			<string>PBXGroup</string>
			<key>name</key>
			<string>Video Source</string>
			<key>sourceTree</key>
			<string>&lt;group&gt;</string>
		</dict>
		<key>86D9E3B5185D409000B31210</key>
		<dict>
			<key>children</key>
			<array>
				<string>86D9E3BB185D4B2900B31210</string>
				<string>86D9E3BC185D4B2900B31210</string>
				<string>86D9E3BE185D4B7100B31210</string>
				<string>86D9E3BF185D4B7100B31210</string>
			</array>
			<key>isa</key>
			<string>PBXGroup</string>
			<key>name</key>
			<string>Detector</string>
			<key>sourceTree</key>
			<string>&lt;group&gt;</string>
		</dict>
		<key>86D9E3B6185D409600B31210</key>
		<dict>
			<key>children</key>
			<array>
				<string>86D9E40C186234C300B31210</string>
				<string>86D9E40D186234C300B31210</string>
			</array>
			<key>isa</key>
			<string>PBXGroup</string>
			<key>name</key>
			<string>Visualization</string>
			<key>sourceTree</key>
			<string>&lt;group&gt;</string>
		</dict>
		<key>86D9E3B7185D40C000B31210</key>
		<dict>
			<key>fileEncoding</key>
			<string>4</string>
			<key>isa</key>
			<string>PBXFileReference</string>
			<key>lastKnownFileType</key>
			<string>sourcecode.c.h</string>
			<key>name</key>
			<string>VideoFrame.h</string>
			<key>path</key>
			<string>Video Source/VideoFrame.h</string>
			<key>sourceTree</key>
			<string>&lt;group&gt;</string>
		</dict>
		<key>86D9E3B8185D412C00B31210</key>
		<dict>
			<key>fileEncoding</key>
			<string>4</string>
			<key>isa</key>
			<string>PBXFileReference</string>
			<key>lastKnownFileType</key>
			<string>sourcecode.c.h</string>
			<key>name</key>
			<string>VideoSource.h</string>
			<key>path</key>
			<string>Video Source/VideoSource.h</string>
			<key>sourceTree</key>
			<string>&lt;group&gt;</string>
		</dict>
		<key>86D9E3B9185D412C00B31210</key>
		<dict>
			<key>fileEncoding</key>
			<string>4</string>
			<key>isa</key>
			<string>PBXFileReference</string>
			<key>lastKnownFileType</key>
			<string>sourcecode.cpp.objcpp</string>
			<key>name</key>
			<string>VideoSource.mm</string>
			<key>path</key>
			<string>Video Source/VideoSource.mm</string>
			<key>sourceTree</key>
			<string>&lt;group&gt;</string>
		</dict>
		<key>86D9E3BA185D412C00B31210</key>
		<dict>
			<key>fileRef</key>
			<string>86D9E3B9185D412C00B31210</string>
			<key>isa</key>
			<string>PBXBuildFile</string>
		</dict>
		<key>86D9E3BB185D4B2900B31210</key>
		<dict>
			<key>fileEncoding</key>
			<string>4</string>
			<key>isa</key>
			<string>PBXFileReference</string>
			<key>lastKnownFileType</key>
			<string>sourcecode.cpp.cpp</string>
			<key>name</key>
			<string>PatternDetector.cpp</string>
			<key>path</key>
			<string>Detector/PatternDetector.cpp</string>
			<key>sourceTree</key>
			<string>&lt;group&gt;</string>
		</dict>
		<key>86D9E3BC185D4B2900B31210</key>
		<dict>
			<key>fileEncoding</key>
			<string>4</string>
			<key>isa</key>
			<string>PBXFileReference</string>
			<key>lastKnownFileType</key>
			<string>sourcecode.c.h</string>
			<key>name</key>
			<string>PatternDetector.h</string>
			<key>path</key>
			<string>Detector/PatternDetector.h</string>
			<key>sourceTree</key>
			<string>&lt;group&gt;</string>
		</dict>
		<key>86D9E3BD185D4B2900B31210</key>
		<dict>
			<key>fileRef</key>
			<string>86D9E3BB185D4B2900B31210</string>
			<key>isa</key>
			<string>PBXBuildFile</string>
		</dict>
		<key>86D9E3BE185D4B7100B31210</key>
		<dict>
			<key>fileEncoding</key>
			<string>4</string>
			<key>isa</key>
			<string>PBXFileReference</string>
			<key>lastKnownFileType</key>
			<string>sourcecode.c.h</string>
			<key>name</key>
			<string>UIImage+OpenCV.h</string>
			<key>path</key>
			<string>Detector/UIImage+OpenCV.h</string>
			<key>sourceTree</key>
			<string>&lt;group&gt;</string>
		</dict>
		<key>86D9E3BF185D4B7100B31210</key>
		<dict>
			<key>fileEncoding</key>
			<string>4</string>
			<key>isa</key>
			<string>PBXFileReference</string>
			<key>lastKnownFileType</key>
			<string>sourcecode.cpp.objcpp</string>
			<key>name</key>
			<string>UIImage+OpenCV.mm</string>
			<key>path</key>
			<string>Detector/UIImage+OpenCV.mm</string>
			<key>sourceTree</key>
			<string>&lt;group&gt;</string>
		</dict>
		<key>86D9E3C0185D4B7100B31210</key>
		<dict>
			<key>fileRef</key>
			<string>86D9E3BF185D4B7100B31210</string>
			<key>isa</key>
			<string>PBXBuildFile</string>
		</dict>
		<key>86D9E3C1185D4BAB00B31210</key>
		<dict>
			<key>fileEncoding</key>
			<string>4</string>
			<key>isa</key>
			<string>PBXFileReference</string>
			<key>lastKnownFileType</key>
			<string>sourcecode.c.h</string>
			<key>path</key>
			<string>ViewController+GameControls.h</string>
			<key>sourceTree</key>
			<string>&lt;group&gt;</string>
		</dict>
		<key>86D9E3C2185D4BAC00B31210</key>
		<dict>
			<key>fileEncoding</key>
			<string>4</string>
			<key>isa</key>
			<string>PBXFileReference</string>
			<key>lastKnownFileType</key>
			<string>sourcecode.c.objc</string>
			<key>path</key>
			<string>ViewController+GameControls.m</string>
			<key>sourceTree</key>
			<string>&lt;group&gt;</string>
		</dict>
		<key>86D9E3C3185D4BAD00B31210</key>
		<dict>
			<key>fileRef</key>
			<string>86D9E3C2185D4BAC00B31210</string>
			<key>isa</key>
			<string>PBXBuildFile</string>
		</dict>
		<key>86D9E4081861BBD700B31210</key>
		<dict>
			<key>isa</key>
			<string>PBXFileReference</string>
			<key>lastKnownFileType</key>
			<string>sourcecode.c.h</string>
			<key>name</key>
			<string>CameraCalibration.h</string>
			<key>path</key>
			<string>Video Source/CameraCalibration.h</string>
			<key>sourceTree</key>
			<string>&lt;group&gt;</string>
		</dict>
		<key>86D9E40C186234C300B31210</key>
		<dict>
			<key>fileEncoding</key>
			<string>4</string>
			<key>isa</key>
			<string>PBXFileReference</string>
			<key>lastKnownFileType</key>
			<string>sourcecode.c.h</string>
			<key>name</key>
			<string>ARView.h</string>
			<key>path</key>
			<string>Visualization/ARView.h</string>
			<key>sourceTree</key>
			<string>&lt;group&gt;</string>
		</dict>
		<key>86D9E40D186234C300B31210</key>
		<dict>
			<key>fileEncoding</key>
			<string>4</string>
			<key>isa</key>
			<string>PBXFileReference</string>
			<key>lastKnownFileType</key>
			<string>sourcecode.c.objc</string>
			<key>name</key>
			<string>ARView.m</string>
			<key>path</key>
			<string>Visualization/ARView.m</string>
			<key>sourceTree</key>
			<string>&lt;group&gt;</string>
		</dict>
		<key>86D9E40E186234C300B31210</key>
		<dict>
			<key>fileRef</key>
			<string>86D9E40D186234C300B31210</string>
			<key>isa</key>
			<string>PBXBuildFile</string>
		</dict>
		<key>A3A8E29F7D59472BBA92BC4F</key>
		<dict>
			<key>explicitFileType</key>
			<string>archive.ar</string>
			<key>includeInIndex</key>
			<string>0</string>
			<key>isa</key>
			<string>PBXFileReference</string>
			<key>path</key>
			<string>libPods.a</string>
			<key>sourceTree</key>
			<string>BUILT_PRODUCTS_DIR</string>
		</dict>
		<key>B6AEB32C2A6E4A7C92AD9579</key>
		<dict>
			<key>buildActionMask</key>
			<string>2147483647</string>
			<key>files</key>
			<array/>
			<key>inputPaths</key>
			<array/>
			<key>isa</key>
			<string>PBXShellScriptBuildPhase</string>
			<key>name</key>
			<string>Copy Pods Resources</string>
			<key>outputPaths</key>
			<array/>
			<key>runOnlyForDeploymentPostprocessing</key>
			<string>0</string>
			<key>shellPath</key>
			<string>/bin/sh</string>
			<key>shellScript</key>
			<string>"${SRCROOT}/Pods/Pods-resources.sh"
</string>
			<key>showEnvVarsInLog</key>
			<string>0</string>
		</dict>
		<key>BD13589B66EB4AA7B3F381BC</key>
		<dict>
			<key>fileRef</key>
			<string>A3A8E29F7D59472BBA92BC4F</string>
			<key>isa</key>
			<string>PBXBuildFile</string>
		</dict>
	</dict>
	<key>rootObject</key>
	<string>86D9E34B185D35B000B31210</string>
</dict>
</plist>
